
Microsoft Visual Studio Solution File, Format Version 12.00
# Visual Studio Version 16
VisualStudioVersion = 16.0.29009.5
MinimumVisualStudioVersion = 10.0.40219.1
Project("{FAE04EC0-301F-11D3-BF4B-00C04F79EFBC}") = "AttachedBehavior1.Android", "AttachedBehavior1\AttachedBehavior1.Android\AttachedBehavior1.Android.csproj", "{6AEAEE25-AFBD-4330-84EA-1FAD5201427C}"
EndProject
Project("{9A19103F-16F7-4668-BE54-9A1E7A4F7556}") = "AttachedBehavior1", "AttachedBehavior1\AttachedBehavior1\AttachedBehavior1.csproj", "{EBD0712B-15A0-4231-86AE-1C6A5CE0EDD0}"
EndProject
Global
	GlobalSection(SolutionConfigurationPlatforms) = preSolution
		Debug|Any CPU = Debug|Any CPU
		Release|Any CPU = Release|Any CPU
	EndGlobalSection
	GlobalSection(ProjectConfigurationPlatforms) = postSolution
		{6AEAEE25-AFBD-4330-84EA-1FAD5201427C}.Debug|Any CPU.ActiveCfg = Debug|Any CPU
		{6AEAEE25-AFBD-4330-84EA-1FAD5201427C}.Debug|Any CPU.Build.0 = Debug|Any CPU
		{6AEAEE25-AFBD-4330-84EA-1FAD5201427C}.Debug|Any CPU.Deploy.0 = Debug|Any CPU
		{6AEAEE25-AFBD-4330-84EA-1FAD5201427C}.Release|Any CPU.ActiveCfg = Release|Any CPU
		{6AEAEE25-AFBD-4330-84EA-1FAD5201427C}.Release|Any CPU.Build.0 = Release|Any CPU
		{6AEAEE25-AFBD-4330-84EA-1FAD5201427C}.Release|Any CPU.Deploy.0 = Release|Any CPU
		{EBD0712B-15A0-4231-86AE-1C6A5CE0EDD0}.Debug|Any CPU.ActiveCfg = Debug|Any CPU
		{EBD0712B-15A0-4231-86AE-1C6A5CE0EDD0}.Debug|Any CPU.Build.0 = Debug|Any CPU
		{EBD0712B-15A0-4231-86AE-1C6A5CE0EDD0}.Debug|Any CPU.Deploy.0 = Debug|Any CPU
		{EBD0712B-15A0-4231-86AE-1C6A5CE0EDD0}.Release|Any CPU.ActiveCfg = Release|Any CPU
		{EBD0712B-15A0-4231-86AE-1C6A5CE0EDD0}.Release|Any CPU.Build.0 = Release|Any CPU
		{EBD0712B-15A0-4231-86AE-1C6A5CE0EDD0}.Release|Any CPU.Deploy.0 = Release|Any CPU
	EndGlobalSection
	GlobalSection(SolutionProperties) = preSolution
		HideSolutionNode = FALSE
	EndGlobalSection
	GlobalSection(ExtensibilityGlobals) = postSolution
		SolutionGuid = {D6E33D74-9AD5-40B6-BB9C-8F82D50ACC61}
	EndGlobalSection
EndGlobal
