
Microsoft Visual Studio Solution File, Format Version 12.00
# Visual Studio Version 16
VisualStudioVersion = 16.0.28803.452
MinimumVisualStudioVersion = 10.0.40219.1
Project("{FAE04EC0-301F-11D3-BF4B-00C04F79EFBC}") = "DialogService.Android", "DialogService\DialogService.Android\DialogService.Android.csproj", "{001E3268-9549-469B-8A37-09DE570F5CE8}"
EndProject
Project("{FAE04EC0-301F-11D3-BF4B-00C04F79EFBC}") = "DialogService", "DialogService\DialogService\DialogService.csproj", "{FF657F7B-F429-4F16-B6BF-559FC1A57EF9}"
EndProject
Global
	GlobalSection(SolutionConfigurationPlatforms) = preSolution
		Debug|Any CPU = Debug|Any CPU
		Release|Any CPU = Release|Any CPU
	EndGlobalSection
	GlobalSection(ProjectConfigurationPlatforms) = postSolution
		{001E3268-9549-469B-8A37-09DE570F5CE8}.Debug|Any CPU.ActiveCfg = Debug|Any CPU
		{001E3268-9549-469B-8A37-09DE570F5CE8}.Debug|Any CPU.Build.0 = Debug|Any CPU
		{001E3268-9549-469B-8A37-09DE570F5CE8}.Debug|Any CPU.Deploy.0 = Debug|Any CPU
		{001E3268-9549-469B-8A37-09DE570F5CE8}.Release|Any CPU.ActiveCfg = Release|Any CPU
		{001E3268-9549-469B-8A37-09DE570F5CE8}.Release|Any CPU.Build.0 = Release|Any CPU
		{001E3268-9549-469B-8A37-09DE570F5CE8}.Release|Any CPU.Deploy.0 = Release|Any CPU
		{FF657F7B-F429-4F16-B6BF-559FC1A57EF9}.Debug|Any CPU.ActiveCfg = Debug|Any CPU
		{FF657F7B-F429-4F16-B6BF-559FC1A57EF9}.Debug|Any CPU.Build.0 = Debug|Any CPU
		{FF657F7B-F429-4F16-B6BF-559FC1A57EF9}.Debug|Any CPU.Deploy.0 = Debug|Any CPU
		{FF657F7B-F429-4F16-B6BF-559FC1A57EF9}.Release|Any CPU.ActiveCfg = Release|Any CPU
		{FF657F7B-F429-4F16-B6BF-559FC1A57EF9}.Release|Any CPU.Build.0 = Release|Any CPU
		{FF657F7B-F429-4F16-B6BF-559FC1A57EF9}.Release|Any CPU.Deploy.0 = Release|Any CPU
	EndGlobalSection
	GlobalSection(SolutionProperties) = preSolution
		HideSolutionNode = FALSE
	EndGlobalSection
	GlobalSection(ExtensibilityGlobals) = postSolution
		SolutionGuid = {57C331A0-E7BC-4221-AC9F-6458C55D0835}
	EndGlobalSection
EndGlobal
