
Microsoft Visual Studio Solution File, Format Version 12.00
# Visual Studio Version 16
VisualStudioVersion = 16.0.29509.3
MinimumVisualStudioVersion = 10.0.40219.1
Project("{FAE04EC0-301F-11D3-BF4B-00C04F79EFBC}") = "SearchBarMVVM.Android", "SearchBarMVVM\SearchBarMVVM.Android\SearchBarMVVM.Android.csproj", "{49A044E2-DE44-475A-A3D1-55CD9D461253}"
EndProject
Project("{FAE04EC0-301F-11D3-BF4B-00C04F79EFBC}") = "SearchBarMVVM", "SearchBarMVVM\SearchBarMVVM\SearchBarMVVM.csproj", "{58F50028-2A44-49C9-8F2D-2B79BC2E9A0A}"
EndProject
Global
	GlobalSection(SolutionConfigurationPlatforms) = preSolution
		Debug|Any CPU = Debug|Any CPU
		Release|Any CPU = Release|Any CPU
	EndGlobalSection
	GlobalSection(ProjectConfigurationPlatforms) = postSolution
		{49A044E2-DE44-475A-A3D1-55CD9D461253}.Debug|Any CPU.ActiveCfg = Debug|Any CPU
		{49A044E2-DE44-475A-A3D1-55CD9D461253}.Debug|Any CPU.Build.0 = Debug|Any CPU
		{49A044E2-DE44-475A-A3D1-55CD9D461253}.Debug|Any CPU.Deploy.0 = Debug|Any CPU
		{49A044E2-DE44-475A-A3D1-55CD9D461253}.Release|Any CPU.ActiveCfg = Release|Any CPU
		{49A044E2-DE44-475A-A3D1-55CD9D461253}.Release|Any CPU.Build.0 = Release|Any CPU
		{49A044E2-DE44-475A-A3D1-55CD9D461253}.Release|Any CPU.Deploy.0 = Release|Any CPU
		{58F50028-2A44-49C9-8F2D-2B79BC2E9A0A}.Debug|Any CPU.ActiveCfg = Debug|Any CPU
		{58F50028-2A44-49C9-8F2D-2B79BC2E9A0A}.Debug|Any CPU.Build.0 = Debug|Any CPU
		{58F50028-2A44-49C9-8F2D-2B79BC2E9A0A}.Debug|Any CPU.Deploy.0 = Debug|Any CPU
		{58F50028-2A44-49C9-8F2D-2B79BC2E9A0A}.Release|Any CPU.ActiveCfg = Release|Any CPU
		{58F50028-2A44-49C9-8F2D-2B79BC2E9A0A}.Release|Any CPU.Build.0 = Release|Any CPU
		{58F50028-2A44-49C9-8F2D-2B79BC2E9A0A}.Release|Any CPU.Deploy.0 = Release|Any CPU
	EndGlobalSection
	GlobalSection(SolutionProperties) = preSolution
		HideSolutionNode = FALSE
	EndGlobalSection
	GlobalSection(ExtensibilityGlobals) = postSolution
		SolutionGuid = {8CFAD2B2-BA0E-4E3F-AC83-5E2FCE85EDBF}
	EndGlobalSection
EndGlobal
