
Microsoft Visual Studio Solution File, Format Version 12.00
# Visual Studio Version 16
VisualStudioVersion = 16.0.29503.13
MinimumVisualStudioVersion = 10.0.40219.1
Project("{FAE04EC0-301F-11D3-BF4B-00C04F79EFBC}") = "Binding.Android", "Binding\Binding.Android\Binding.Android.csproj", "{2E54FE02-99DB-45D3-814F-FFB618DCA48E}"
EndProject
Project("{FAE04EC0-301F-11D3-BF4B-00C04F79EFBC}") = "Binding", "Binding\Binding\Binding.csproj", "{4C51F1D6-122B-4F53-B1A2-8617D83962E4}"
EndProject
Global
	GlobalSection(SolutionConfigurationPlatforms) = preSolution
		Debug|Any CPU = Debug|Any CPU
		Release|Any CPU = Release|Any CPU
	EndGlobalSection
	GlobalSection(ProjectConfigurationPlatforms) = postSolution
		{2E54FE02-99DB-45D3-814F-FFB618DCA48E}.Debug|Any CPU.ActiveCfg = Debug|Any CPU
		{2E54FE02-99DB-45D3-814F-FFB618DCA48E}.Debug|Any CPU.Build.0 = Debug|Any CPU
		{2E54FE02-99DB-45D3-814F-FFB618DCA48E}.Debug|Any CPU.Deploy.0 = Debug|Any CPU
		{2E54FE02-99DB-45D3-814F-FFB618DCA48E}.Release|Any CPU.ActiveCfg = Release|Any CPU
		{2E54FE02-99DB-45D3-814F-FFB618DCA48E}.Release|Any CPU.Build.0 = Release|Any CPU
		{2E54FE02-99DB-45D3-814F-FFB618DCA48E}.Release|Any CPU.Deploy.0 = Release|Any CPU
		{4C51F1D6-122B-4F53-B1A2-8617D83962E4}.Debug|Any CPU.ActiveCfg = Debug|Any CPU
		{4C51F1D6-122B-4F53-B1A2-8617D83962E4}.Debug|Any CPU.Build.0 = Debug|Any CPU
		{4C51F1D6-122B-4F53-B1A2-8617D83962E4}.Debug|Any CPU.Deploy.0 = Debug|Any CPU
		{4C51F1D6-122B-4F53-B1A2-8617D83962E4}.Release|Any CPU.ActiveCfg = Release|Any CPU
		{4C51F1D6-122B-4F53-B1A2-8617D83962E4}.Release|Any CPU.Build.0 = Release|Any CPU
		{4C51F1D6-122B-4F53-B1A2-8617D83962E4}.Release|Any CPU.Deploy.0 = Release|Any CPU
	EndGlobalSection
	GlobalSection(SolutionProperties) = preSolution
		HideSolutionNode = FALSE
	EndGlobalSection
	GlobalSection(ExtensibilityGlobals) = postSolution
		SolutionGuid = {D3B3D951-1A80-471B-9B95-A8D3E37A66FD}
	EndGlobalSection
EndGlobal
