
Microsoft Visual Studio Solution File, Format Version 12.00
# Visual Studio Version 16
VisualStudioVersion = 16.0.29509.3
MinimumVisualStudioVersion = 10.0.40219.1
Project("{FAE04EC0-301F-11D3-BF4B-00C04F79EFBC}") = "ItemListDelete.Android", "ItemListDelete\ItemListDelete.Android\ItemListDelete.Android.csproj", "{EF4CF106-CAFF-4BC2-9C13-A2CC653B05C4}"
EndProject
Project("{FAE04EC0-301F-11D3-BF4B-00C04F79EFBC}") = "ItemListDelete", "ItemListDelete\ItemListDelete\ItemListDelete.csproj", "{B07B3586-489F-4E02-B692-5AB8B26218E6}"
EndProject
Global
	GlobalSection(SolutionConfigurationPlatforms) = preSolution
		Debug|Any CPU = Debug|Any CPU
		Release|Any CPU = Release|Any CPU
	EndGlobalSection
	GlobalSection(ProjectConfigurationPlatforms) = postSolution
		{EF4CF106-CAFF-4BC2-9C13-A2CC653B05C4}.Debug|Any CPU.ActiveCfg = Debug|Any CPU
		{EF4CF106-CAFF-4BC2-9C13-A2CC653B05C4}.Debug|Any CPU.Build.0 = Debug|Any CPU
		{EF4CF106-CAFF-4BC2-9C13-A2CC653B05C4}.Debug|Any CPU.Deploy.0 = Debug|Any CPU
		{EF4CF106-CAFF-4BC2-9C13-A2CC653B05C4}.Release|Any CPU.ActiveCfg = Release|Any CPU
		{EF4CF106-CAFF-4BC2-9C13-A2CC653B05C4}.Release|Any CPU.Build.0 = Release|Any CPU
		{EF4CF106-CAFF-4BC2-9C13-A2CC653B05C4}.Release|Any CPU.Deploy.0 = Release|Any CPU
		{B07B3586-489F-4E02-B692-5AB8B26218E6}.Debug|Any CPU.ActiveCfg = Debug|Any CPU
		{B07B3586-489F-4E02-B692-5AB8B26218E6}.Debug|Any CPU.Build.0 = Debug|Any CPU
		{B07B3586-489F-4E02-B692-5AB8B26218E6}.Debug|Any CPU.Deploy.0 = Debug|Any CPU
		{B07B3586-489F-4E02-B692-5AB8B26218E6}.Release|Any CPU.ActiveCfg = Release|Any CPU
		{B07B3586-489F-4E02-B692-5AB8B26218E6}.Release|Any CPU.Build.0 = Release|Any CPU
		{B07B3586-489F-4E02-B692-5AB8B26218E6}.Release|Any CPU.Deploy.0 = Release|Any CPU
	EndGlobalSection
	GlobalSection(SolutionProperties) = preSolution
		HideSolutionNode = FALSE
	EndGlobalSection
	GlobalSection(ExtensibilityGlobals) = postSolution
		SolutionGuid = {C1D97795-DE5E-467F-B2CA-C8451802AE04}
	EndGlobalSection
EndGlobal
