
Microsoft Visual Studio Solution File, Format Version 12.00
# Visual Studio Version 16
VisualStudioVersion = 16.0.29123.88
MinimumVisualStudioVersion = 10.0.40219.1
Project("{FAE04EC0-301F-11D3-BF4B-00C04F79EFBC}") = "EnglishApp.dou.com.Android", "EnglishApp.dou.com\EnglishApp.dou.com.Android\EnglishApp.dou.com.Android.csproj", "{69732378-BBA5-4BD5-8030-009FD8242675}"
EndProject
Project("{FAE04EC0-301F-11D3-BF4B-00C04F79EFBC}") = "EnglishApp.dou.com", "EnglishApp.dou.com\EnglishApp.dou.com\EnglishApp.dou.com.csproj", "{5C54EF6F-FB09-477B-AA7A-2F136AEFB74B}"
EndProject
Global
	GlobalSection(SolutionConfigurationPlatforms) = preSolution
		Debug|Any CPU = Debug|Any CPU
		Release|Any CPU = Release|Any CPU
	EndGlobalSection
	GlobalSection(ProjectConfigurationPlatforms) = postSolution
		{69732378-BBA5-4BD5-8030-009FD8242675}.Debug|Any CPU.ActiveCfg = Debug|Any CPU
		{69732378-BBA5-4BD5-8030-009FD8242675}.Debug|Any CPU.Build.0 = Debug|Any CPU
		{69732378-BBA5-4BD5-8030-009FD8242675}.Debug|Any CPU.Deploy.0 = Debug|Any CPU
		{69732378-BBA5-4BD5-8030-009FD8242675}.Release|Any CPU.ActiveCfg = Release|Any CPU
		{69732378-BBA5-4BD5-8030-009FD8242675}.Release|Any CPU.Build.0 = Release|Any CPU
		{69732378-BBA5-4BD5-8030-009FD8242675}.Release|Any CPU.Deploy.0 = Release|Any CPU
		{5C54EF6F-FB09-477B-AA7A-2F136AEFB74B}.Debug|Any CPU.ActiveCfg = Debug|Any CPU
		{5C54EF6F-FB09-477B-AA7A-2F136AEFB74B}.Debug|Any CPU.Build.0 = Debug|Any CPU
		{5C54EF6F-FB09-477B-AA7A-2F136AEFB74B}.Debug|Any CPU.Deploy.0 = Debug|Any CPU
		{5C54EF6F-FB09-477B-AA7A-2F136AEFB74B}.Release|Any CPU.ActiveCfg = Release|Any CPU
		{5C54EF6F-FB09-477B-AA7A-2F136AEFB74B}.Release|Any CPU.Build.0 = Release|Any CPU
		{5C54EF6F-FB09-477B-AA7A-2F136AEFB74B}.Release|Any CPU.Deploy.0 = Release|Any CPU
	EndGlobalSection
	GlobalSection(SolutionProperties) = preSolution
		HideSolutionNode = FALSE
	EndGlobalSection
	GlobalSection(ExtensibilityGlobals) = postSolution
		SolutionGuid = {BF19F7C6-B02F-4480-A1B3-1543ACE9B97A}
	EndGlobalSection
EndGlobal
