
Microsoft Visual Studio Solution File, Format Version 12.00
# Visual Studio Version 16
VisualStudioVersion = 16.0.28917.181
MinimumVisualStudioVersion = 10.0.40219.1
Project("{FAE04EC0-301F-11D3-BF4B-00C04F79EFBC}") = "BasicDebug.Android", "BasicDebug\BasicDebug.Android\BasicDebug.Android.csproj", "{396CC521-FEE8-4B78-8CB7-563E944FC642}"
EndProject
Project("{FAE04EC0-301F-11D3-BF4B-00C04F79EFBC}") = "BasicDebug", "BasicDebug\BasicDebug\BasicDebug.csproj", "{4D4CA9B8-9EFA-442F-A44A-2D54948402C6}"
EndProject
Global
	GlobalSection(SolutionConfigurationPlatforms) = preSolution
		Debug|Any CPU = Debug|Any CPU
		Release|Any CPU = Release|Any CPU
	EndGlobalSection
	GlobalSection(ProjectConfigurationPlatforms) = postSolution
		{396CC521-FEE8-4B78-8CB7-563E944FC642}.Debug|Any CPU.ActiveCfg = Debug|Any CPU
		{396CC521-FEE8-4B78-8CB7-563E944FC642}.Debug|Any CPU.Build.0 = Debug|Any CPU
		{396CC521-FEE8-4B78-8CB7-563E944FC642}.Debug|Any CPU.Deploy.0 = Debug|Any CPU
		{396CC521-FEE8-4B78-8CB7-563E944FC642}.Release|Any CPU.ActiveCfg = Release|Any CPU
		{396CC521-FEE8-4B78-8CB7-563E944FC642}.Release|Any CPU.Build.0 = Release|Any CPU
		{396CC521-FEE8-4B78-8CB7-563E944FC642}.Release|Any CPU.Deploy.0 = Release|Any CPU
		{4D4CA9B8-9EFA-442F-A44A-2D54948402C6}.Debug|Any CPU.ActiveCfg = Debug|Any CPU
		{4D4CA9B8-9EFA-442F-A44A-2D54948402C6}.Debug|Any CPU.Build.0 = Debug|Any CPU
		{4D4CA9B8-9EFA-442F-A44A-2D54948402C6}.Debug|Any CPU.Deploy.0 = Debug|Any CPU
		{4D4CA9B8-9EFA-442F-A44A-2D54948402C6}.Release|Any CPU.ActiveCfg = Release|Any CPU
		{4D4CA9B8-9EFA-442F-A44A-2D54948402C6}.Release|Any CPU.Build.0 = Release|Any CPU
		{4D4CA9B8-9EFA-442F-A44A-2D54948402C6}.Release|Any CPU.Deploy.0 = Release|Any CPU
	EndGlobalSection
	GlobalSection(SolutionProperties) = preSolution
		HideSolutionNode = FALSE
	EndGlobalSection
	GlobalSection(ExtensibilityGlobals) = postSolution
		SolutionGuid = {67FAF543-F9D1-41F1-88A7-CA83FB085A92}
	EndGlobalSection
EndGlobal
