
Microsoft Visual Studio Solution File, Format Version 12.00
# Visual Studio Version 16
VisualStudioVersion = 16.0.29503.13
MinimumVisualStudioVersion = 10.0.40219.1
Project("{FAE04EC0-301F-11D3-BF4B-00C04F79EFBC}") = "MVVM.Android", "MVVM\MVVM.Android\MVVM.Android.csproj", "{2B8E00B6-D155-4FBC-BB8A-EF598F20CFFB}"
EndProject
Project("{FAE04EC0-301F-11D3-BF4B-00C04F79EFBC}") = "MVVM", "MVVM\MVVM\MVVM.csproj", "{AE5A8A0C-E846-4147-B008-29A9F32D9C4A}"
EndProject
Global
	GlobalSection(SolutionConfigurationPlatforms) = preSolution
		Debug|Any CPU = Debug|Any CPU
		Release|Any CPU = Release|Any CPU
	EndGlobalSection
	GlobalSection(ProjectConfigurationPlatforms) = postSolution
		{2B8E00B6-D155-4FBC-BB8A-EF598F20CFFB}.Debug|Any CPU.ActiveCfg = Debug|Any CPU
		{2B8E00B6-D155-4FBC-BB8A-EF598F20CFFB}.Debug|Any CPU.Build.0 = Debug|Any CPU
		{2B8E00B6-D155-4FBC-BB8A-EF598F20CFFB}.Debug|Any CPU.Deploy.0 = Debug|Any CPU
		{2B8E00B6-D155-4FBC-BB8A-EF598F20CFFB}.Release|Any CPU.ActiveCfg = Release|Any CPU
		{2B8E00B6-D155-4FBC-BB8A-EF598F20CFFB}.Release|Any CPU.Build.0 = Release|Any CPU
		{2B8E00B6-D155-4FBC-BB8A-EF598F20CFFB}.Release|Any CPU.Deploy.0 = Release|Any CPU
		{AE5A8A0C-E846-4147-B008-29A9F32D9C4A}.Debug|Any CPU.ActiveCfg = Debug|Any CPU
		{AE5A8A0C-E846-4147-B008-29A9F32D9C4A}.Debug|Any CPU.Build.0 = Debug|Any CPU
		{AE5A8A0C-E846-4147-B008-29A9F32D9C4A}.Debug|Any CPU.Deploy.0 = Debug|Any CPU
		{AE5A8A0C-E846-4147-B008-29A9F32D9C4A}.Release|Any CPU.ActiveCfg = Release|Any CPU
		{AE5A8A0C-E846-4147-B008-29A9F32D9C4A}.Release|Any CPU.Build.0 = Release|Any CPU
		{AE5A8A0C-E846-4147-B008-29A9F32D9C4A}.Release|Any CPU.Deploy.0 = Release|Any CPU
	EndGlobalSection
	GlobalSection(SolutionProperties) = preSolution
		HideSolutionNode = FALSE
	EndGlobalSection
	GlobalSection(ExtensibilityGlobals) = postSolution
		SolutionGuid = {BD8763D7-AFBE-49B1-AB6C-6F6D0DAA33D6}
	EndGlobalSection
EndGlobal
